// !$*UTF8*$!
{
	archiveVersion = 1;
	classes = {
	};
	objectVersion = 55;
	objects = {

/* Begin PBXBuildFile section */
		2388A8716E6AE39E66AA17D6 /* Pods_FlixApp.framework in Frameworks */ = {isa = PBXBuildFile; fileRef = 8ACB8433175301080713C5E4 /* Pods_FlixApp.framework */; };
		2539F7B727C8BF4100F9A5F0 /* AppDelegate.swift in Sources */ = {isa = PBXBuildFile; fileRef = 2539F7B627C8BF4100F9A5F0 /* AppDelegate.swift */; };
		2539F7B927C8BF4100F9A5F0 /* SceneDelegate.swift in Sources */ = {isa = PBXBuildFile; fileRef = 2539F7B827C8BF4100F9A5F0 /* SceneDelegate.swift */; };
		2539F7BB27C8BF4100F9A5F0 /* ViewController.swift in Sources */ = {isa = PBXBuildFile; fileRef = 2539F7BA27C8BF4100F9A5F0 /* ViewController.swift */; };
		2539F7BE27C8BF4100F9A5F0 /* Main.storyboard in Resources */ = {isa = PBXBuildFile; fileRef = 2539F7BC27C8BF4100F9A5F0 /* Main.storyboard */; };
		2539F7C027C8BF4400F9A5F0 /* Assets.xcassets in Resources */ = {isa = PBXBuildFile; fileRef = 2539F7BF27C8BF4400F9A5F0 /* Assets.xcassets */; };
		2539F7C327C8BF4400F9A5F0 /* LaunchScreen.storyboard in Resources */ = {isa = PBXBuildFile; fileRef = 2539F7C127C8BF4400F9A5F0 /* LaunchScreen.storyboard */; };
		2539F7CE27C8BF4400F9A5F0 /* FlixAppTests.swift in Sources */ = {isa = PBXBuildFile; fileRef = 2539F7CD27C8BF4400F9A5F0 /* FlixAppTests.swift */; };
		2539F7D827C8BF4400F9A5F0 /* FlixAppUITests.swift in Sources */ = {isa = PBXBuildFile; fileRef = 2539F7D727C8BF4400F9A5F0 /* FlixAppUITests.swift */; };
		2539F7DA27C8BF4400F9A5F0 /* FlixAppUITestsLaunchTests.swift in Sources */ = {isa = PBXBuildFile; fileRef = 2539F7D927C8BF4400F9A5F0 /* FlixAppUITestsLaunchTests.swift */; };
		253F83AD27C9F7160078A4BA /* MovieCell.swift in Sources */ = {isa = PBXBuildFile; fileRef = 253F83AC27C9F7160078A4BA /* MovieCell.swift */; };
		25DF68ED27CC122B00F4E852 /* AlamofireImage in Frameworks */ = {isa = PBXBuildFile; productRef = 25DF68EC27CC122B00F4E852 /* AlamofireImage */; };
		910A2BC76CC309DE52A1F6E0 /* Pods_FlixApp_FlixAppUITests.framework in Frameworks */ = {isa = PBXBuildFile; fileRef = 037575E5D82C37DFDF0AAFAE /* Pods_FlixApp_FlixAppUITests.framework */; };
		C718D2386934D98AD683D0FE /* Pods_FlixAppTests.framework in Frameworks */ = {isa = PBXBuildFile; fileRef = 79F4B71742266F3CAC80FAD2 /* Pods_FlixAppTests.framework */; };
/* End PBXBuildFile section */

/* Begin PBXContainerItemProxy section */
		2539F7CA27C8BF4400F9A5F0 /* PBXContainerItemProxy */ = {
			isa = PBXContainerItemProxy;
			containerPortal = 2539F7AB27C8BF4100F9A5F0 /* Project object */;
			proxyType = 1;
			remoteGlobalIDString = 2539F7B227C8BF4100F9A5F0;
			remoteInfo = FlixApp;
		};
		2539F7D427C8BF4400F9A5F0 /* PBXContainerItemProxy */ = {
			isa = PBXContainerItemProxy;
			containerPortal = 2539F7AB27C8BF4100F9A5F0 /* Project object */;
			proxyType = 1;
			remoteGlobalIDString = 2539F7B227C8BF4100F9A5F0;
			remoteInfo = FlixApp;
		};
/* End PBXContainerItemProxy section */

/* Begin PBXFileReference section */
		037575E5D82C37DFDF0AAFAE /* Pods_FlixApp_FlixAppUITests.framework */ = {isa = PBXFileReference; explicitFileType = wrapper.framework; includeInIndex = 0; path = Pods_FlixApp_FlixAppUITests.framework; sourceTree = BUILT_PRODUCTS_DIR; };
		2539F7B327C8BF4100F9A5F0 /* FlixApp.app */ = {isa = PBXFileReference; explicitFileType = wrapper.application; includeInIndex = 0; path = FlixApp.app; sourceTree = BUILT_PRODUCTS_DIR; };
		2539F7B627C8BF4100F9A5F0 /* AppDelegate.swift */ = {isa = PBXFileReference; lastKnownFileType = sourcecode.swift; path = AppDelegate.swift; sourceTree = "<group>"; };
		2539F7B827C8BF4100F9A5F0 /* SceneDelegate.swift */ = {isa = PBXFileReference; lastKnownFileType = sourcecode.swift; path = SceneDelegate.swift; sourceTree = "<group>"; };
		2539F7BA27C8BF4100F9A5F0 /* ViewController.swift */ = {isa = PBXFileReference; lastKnownFileType = sourcecode.swift; path = ViewController.swift; sourceTree = "<group>"; };
		2539F7BD27C8BF4100F9A5F0 /* Base */ = {isa = PBXFileReference; lastKnownFileType = file.storyboard; name = Base; path = Base.lproj/Main.storyboard; sourceTree = "<group>"; };
		2539F7BF27C8BF4400F9A5F0 /* Assets.xcassets */ = {isa = PBXFileReference; lastKnownFileType = folder.assetcatalog; path = Assets.xcassets; sourceTree = "<group>"; };
		2539F7C227C8BF4400F9A5F0 /* Base */ = {isa = PBXFileReference; lastKnownFileType = file.storyboard; name = Base; path = Base.lproj/LaunchScreen.storyboard; sourceTree = "<group>"; };
		2539F7C427C8BF4400F9A5F0 /* Info.plist */ = {isa = PBXFileReference; lastKnownFileType = text.plist.xml; path = Info.plist; sourceTree = "<group>"; };
		2539F7C927C8BF4400F9A5F0 /* FlixAppTests.xctest */ = {isa = PBXFileReference; explicitFileType = wrapper.cfbundle; includeInIndex = 0; path = FlixAppTests.xctest; sourceTree = BUILT_PRODUCTS_DIR; };
		2539F7CD27C8BF4400F9A5F0 /* FlixAppTests.swift */ = {isa = PBXFileReference; lastKnownFileType = sourcecode.swift; path = FlixAppTests.swift; sourceTree = "<group>"; };
		2539F7D327C8BF4400F9A5F0 /* FlixAppUITests.xctest */ = {isa = PBXFileReference; explicitFileType = wrapper.cfbundle; includeInIndex = 0; path = FlixAppUITests.xctest; sourceTree = BUILT_PRODUCTS_DIR; };
		2539F7D727C8BF4400F9A5F0 /* FlixAppUITests.swift */ = {isa = PBXFileReference; lastKnownFileType = sourcecode.swift; path = FlixAppUITests.swift; sourceTree = "<group>"; };
		2539F7D927C8BF4400F9A5F0 /* FlixAppUITestsLaunchTests.swift */ = {isa = PBXFileReference; lastKnownFileType = sourcecode.swift; path = FlixAppUITestsLaunchTests.swift; sourceTree = "<group>"; };
		253F83AC27C9F7160078A4BA /* MovieCell.swift */ = {isa = PBXFileReference; lastKnownFileType = sourcecode.swift; path = MovieCell.swift; sourceTree = "<group>"; };
		354BE13165717F0989F10C1E /* Pods-FlixAppTests.release.xcconfig */ = {isa = PBXFileReference; includeInIndex = 1; lastKnownFileType = text.xcconfig; name = "Pods-FlixAppTests.release.xcconfig"; path = "Target Support Files/Pods-FlixAppTests/Pods-FlixAppTests.release.xcconfig"; sourceTree = "<group>"; };
		4A016A695C7F01864739ED60 /* Pods-FlixApp-FlixAppUITests.debug.xcconfig */ = {isa = PBXFileReference; includeInIndex = 1; lastKnownFileType = text.xcconfig; name = "Pods-FlixApp-FlixAppUITests.debug.xcconfig"; path = "Target Support Files/Pods-FlixApp-FlixAppUITests/Pods-FlixApp-FlixAppUITests.debug.xcconfig"; sourceTree = "<group>"; };
		57516360C760743F319A2FC3 /* Pods-FlixApp.release.xcconfig */ = {isa = PBXFileReference; includeInIndex = 1; lastKnownFileType = text.xcconfig; name = "Pods-FlixApp.release.xcconfig"; path = "Target Support Files/Pods-FlixApp/Pods-FlixApp.release.xcconfig"; sourceTree = "<group>"; };
		6A9A852FE2718E25B9DE6C4F /* Pods-FlixApp-FlixAppUITests.release.xcconfig */ = {isa = PBXFileReference; includeInIndex = 1; lastKnownFileType = text.xcconfig; name = "Pods-FlixApp-FlixAppUITests.release.xcconfig"; path = "Target Support Files/Pods-FlixApp-FlixAppUITests/Pods-FlixApp-FlixAppUITests.release.xcconfig"; sourceTree = "<group>"; };
		79F4B71742266F3CAC80FAD2 /* Pods_FlixAppTests.framework */ = {isa = PBXFileReference; explicitFileType = wrapper.framework; includeInIndex = 0; path = Pods_FlixAppTests.framework; sourceTree = BUILT_PRODUCTS_DIR; };
		8ACB8433175301080713C5E4 /* Pods_FlixApp.framework */ = {isa = PBXFileReference; explicitFileType = wrapper.framework; includeInIndex = 0; path = Pods_FlixApp.framework; sourceTree = BUILT_PRODUCTS_DIR; };
		F60A37A78091AFFA38A657BA /* Pods-FlixApp.debug.xcconfig */ = {isa = PBXFileReference; includeInIndex = 1; lastKnownFileType = text.xcconfig; name = "Pods-FlixApp.debug.xcconfig"; path = "Target Support Files/Pods-FlixApp/Pods-FlixApp.debug.xcconfig"; sourceTree = "<group>"; };
		F773550C6253F7C765794DFB /* Pods-FlixAppTests.debug.xcconfig */ = {isa = PBXFileReference; includeInIndex = 1; lastKnownFileType = text.xcconfig; name = "Pods-FlixAppTests.debug.xcconfig"; path = "Target Support Files/Pods-FlixAppTests/Pods-FlixAppTests.debug.xcconfig"; sourceTree = "<group>"; };
/* End PBXFileReference section */

/* Begin PBXFrameworksBuildPhase section */
		2539F7B027C8BF4100F9A5F0 /* Frameworks */ = {
			isa = PBXFrameworksBuildPhase;
			buildActionMask = 2147483647;
			files = (
				25DF68ED27CC122B00F4E852 /* AlamofireImage in Frameworks */,
				2388A8716E6AE39E66AA17D6 /* Pods_FlixApp.framework in Frameworks */,
			);
			runOnlyForDeploymentPostprocessing = 0;
		};
		2539F7C627C8BF4400F9A5F0 /* Frameworks */ = {
			isa = PBXFrameworksBuildPhase;
			buildActionMask = 2147483647;
			files = (
				C718D2386934D98AD683D0FE /* Pods_FlixAppTests.framework in Frameworks */,
			);
			runOnlyForDeploymentPostprocessing = 0;
		};
		2539F7D027C8BF4400F9A5F0 /* Frameworks */ = {
			isa = PBXFrameworksBuildPhase;
			buildActionMask = 2147483647;
			files = (
				910A2BC76CC309DE52A1F6E0 /* Pods_FlixApp_FlixAppUITests.framework in Frameworks */,
			);
			runOnlyForDeploymentPostprocessing = 0;
		};
/* End PBXFrameworksBuildPhase section */

/* Begin PBXGroup section */
		18610B296ABD53DE0C4670D2 /* Frameworks */ = {
			isa = PBXGroup;
			children = (
				8ACB8433175301080713C5E4 /* Pods_FlixApp.framework */,
				037575E5D82C37DFDF0AAFAE /* Pods_FlixApp_FlixAppUITests.framework */,
				79F4B71742266F3CAC80FAD2 /* Pods_FlixAppTests.framework */,
			);
			name = Frameworks;
			sourceTree = "<group>";
		};
		2539F7AA27C8BF4100F9A5F0 = {
			isa = PBXGroup;
			children = (
				2539F7B527C8BF4100F9A5F0 /* FlixApp */,
				2539F7CC27C8BF4400F9A5F0 /* FlixAppTests */,
				2539F7D627C8BF4400F9A5F0 /* FlixAppUITests */,
				2539F7B427C8BF4100F9A5F0 /* Products */,
				6BD0DA8D1AC66D1CEBB741CE /* Pods */,
				18610B296ABD53DE0C4670D2 /* Frameworks */,
			);
			sourceTree = "<group>";
		};
		2539F7B427C8BF4100F9A5F0 /* Products */ = {
			isa = PBXGroup;
			children = (
				2539F7B327C8BF4100F9A5F0 /* FlixApp.app */,
				2539F7C927C8BF4400F9A5F0 /* FlixAppTests.xctest */,
				2539F7D327C8BF4400F9A5F0 /* FlixAppUITests.xctest */,
			);
			name = Products;
			sourceTree = "<group>";
		};
		2539F7B527C8BF4100F9A5F0 /* FlixApp */ = {
			isa = PBXGroup;
			children = (
				2539F7B627C8BF4100F9A5F0 /* AppDelegate.swift */,
				2539F7B827C8BF4100F9A5F0 /* SceneDelegate.swift */,
				2539F7BA27C8BF4100F9A5F0 /* ViewController.swift */,
				2539F7BF27C8BF4400F9A5F0 /* Assets.xcassets */,
				2539F7BC27C8BF4100F9A5F0 /* Main.storyboard */,
				2539F7C127C8BF4400F9A5F0 /* LaunchScreen.storyboard */,
				2539F7C427C8BF4400F9A5F0 /* Info.plist */,
				253F83AC27C9F7160078A4BA /* MovieCell.swift */,
			);
			path = FlixApp;
			sourceTree = "<group>";
		};
		2539F7CC27C8BF4400F9A5F0 /* FlixAppTests */ = {
			isa = PBXGroup;
			children = (
				2539F7CD27C8BF4400F9A5F0 /* FlixAppTests.swift */,
			);
			path = FlixAppTests;
			sourceTree = "<group>";
		};
		2539F7D627C8BF4400F9A5F0 /* FlixAppUITests */ = {
			isa = PBXGroup;
			children = (
				2539F7D727C8BF4400F9A5F0 /* FlixAppUITests.swift */,
				2539F7D927C8BF4400F9A5F0 /* FlixAppUITestsLaunchTests.swift */,
			);
			path = FlixAppUITests;
			sourceTree = "<group>";
		};
		6BD0DA8D1AC66D1CEBB741CE /* Pods */ = {
			isa = PBXGroup;
			children = (
				F60A37A78091AFFA38A657BA /* Pods-FlixApp.debug.xcconfig */,
				57516360C760743F319A2FC3 /* Pods-FlixApp.release.xcconfig */,
				4A016A695C7F01864739ED60 /* Pods-FlixApp-FlixAppUITests.debug.xcconfig */,
				6A9A852FE2718E25B9DE6C4F /* Pods-FlixApp-FlixAppUITests.release.xcconfig */,
				F773550C6253F7C765794DFB /* Pods-FlixAppTests.debug.xcconfig */,
				354BE13165717F0989F10C1E /* Pods-FlixAppTests.release.xcconfig */,
			);
			path = Pods;
			sourceTree = "<group>";
		};
/* End PBXGroup section */

/* Begin PBXNativeTarget section */
		2539F7B227C8BF4100F9A5F0 /* FlixApp */ = {
			isa = PBXNativeTarget;
			buildConfigurationList = 2539F7DD27C8BF4400F9A5F0 /* Build configuration list for PBXNativeTarget "FlixApp" */;
			buildPhases = (
				DEB121E630D5275B51B9E052 /* [CP] Check Pods Manifest.lock */,
				2539F7AF27C8BF4100F9A5F0 /* Sources */,
				2539F7B027C8BF4100F9A5F0 /* Frameworks */,
				2539F7B127C8BF4100F9A5F0 /* Resources */,
				3522EE7201ADE3CC39BC6479 /* [CP] Embed Pods Frameworks */,
			);
			buildRules = (
			);
			dependencies = (
			);
			name = FlixApp;
			packageProductDependencies = (
				25DF68EC27CC122B00F4E852 /* AlamofireImage */,
			);
			productName = FlixApp;
			productReference = 2539F7B327C8BF4100F9A5F0 /* FlixApp.app */;
			productType = "com.apple.product-type.application";
		};
		2539F7C827C8BF4400F9A5F0 /* FlixAppTests */ = {
			isa = PBXNativeTarget;
			buildConfigurationList = 2539F7E027C8BF4400F9A5F0 /* Build configuration list for PBXNativeTarget "FlixAppTests" */;
			buildPhases = (
				3AEFB742CEC8926FD7851902 /* [CP] Check Pods Manifest.lock */,
				2539F7C527C8BF4400F9A5F0 /* Sources */,
				2539F7C627C8BF4400F9A5F0 /* Frameworks */,
				2539F7C727C8BF4400F9A5F0 /* Resources */,
			);
			buildRules = (
			);
			dependencies = (
				2539F7CB27C8BF4400F9A5F0 /* PBXTargetDependency */,
			);
			name = FlixAppTests;
			productName = FlixAppTests;
			productReference = 2539F7C927C8BF4400F9A5F0 /* FlixAppTests.xctest */;
			productType = "com.apple.product-type.bundle.unit-test";
		};
		2539F7D227C8BF4400F9A5F0 /* FlixAppUITests */ = {
			isa = PBXNativeTarget;
			buildConfigurationList = 2539F7E327C8BF4400F9A5F0 /* Build configuration list for PBXNativeTarget "FlixAppUITests" */;
			buildPhases = (
				F62EDF4520F7F0C92A7D7D49 /* [CP] Check Pods Manifest.lock */,
				2539F7CF27C8BF4400F9A5F0 /* Sources */,
				2539F7D027C8BF4400F9A5F0 /* Frameworks */,
				2539F7D127C8BF4400F9A5F0 /* Resources */,
				4193EC27EAD7FE8DAB60E9A3 /* [CP] Embed Pods Frameworks */,
			);
			buildRules = (
			);
			dependencies = (
				2539F7D527C8BF4400F9A5F0 /* PBXTargetDependency */,
			);
			name = FlixAppUITests;
			productName = FlixAppUITests;
			productReference = 2539F7D327C8BF4400F9A5F0 /* FlixAppUITests.xctest */;
			productType = "com.apple.product-type.bundle.ui-testing";
		};
/* End PBXNativeTarget section */

/* Begin PBXProject section */
		2539F7AB27C8BF4100F9A5F0 /* Project object */ = {
			isa = PBXProject;
			attributes = {
				BuildIndependentTargetsInParallel = 1;
				LastSwiftUpdateCheck = 1320;
				LastUpgradeCheck = 1320;
				TargetAttributes = {
					2539F7B227C8BF4100F9A5F0 = {
						CreatedOnToolsVersion = 13.2.1;
					};
					2539F7C827C8BF4400F9A5F0 = {
						CreatedOnToolsVersion = 13.2.1;
						TestTargetID = 2539F7B227C8BF4100F9A5F0;
					};
					2539F7D227C8BF4400F9A5F0 = {
						CreatedOnToolsVersion = 13.2.1;
						TestTargetID = 2539F7B227C8BF4100F9A5F0;
					};
				};
			};
			buildConfigurationList = 2539F7AE27C8BF4100F9A5F0 /* Build configuration list for PBXProject "FlixApp" */;
			compatibilityVersion = "Xcode 13.0";
			developmentRegion = en;
			hasScannedForEncodings = 0;
			knownRegions = (
				en,
				Base,
			);
			mainGroup = 2539F7AA27C8BF4100F9A5F0;
			packageReferences = (
				25DF68EB27CC122A00F4E852 /* XCRemoteSwiftPackageReference "AlamofireImage" */,
			);
			productRefGroup = 2539F7B427C8BF4100F9A5F0 /* Products */;
			projectDirPath = "";
			projectRoot = "";
			targets = (
				2539F7B227C8BF4100F9A5F0 /* FlixApp */,
				2539F7C827C8BF4400F9A5F0 /* FlixAppTests */,
				2539F7D227C8BF4400F9A5F0 /* FlixAppUITests */,
			);
		};
/* End PBXProject section */

/* Begin PBXResourcesBuildPhase section */
		2539F7B127C8BF4100F9A5F0 /* Resources */ = {
			isa = PBXResourcesBuildPhase;
			buildActionMask = 2147483647;
			files = (
				2539F7C327C8BF4400F9A5F0 /* LaunchScreen.storyboard in Resources */,
				2539F7C027C8BF4400F9A5F0 /* Assets.xcassets in Resources */,
				2539F7BE27C8BF4100F9A5F0 /* Main.storyboard in Resources */,
			);
			runOnlyForDeploymentPostprocessing = 0;
		};
		2539F7C727C8BF4400F9A5F0 /* Resources */ = {
			isa = PBXResourcesBuildPhase;
			buildActionMask = 2147483647;
			files = (
			);
			runOnlyForDeploymentPostprocessing = 0;
		};
		2539F7D127C8BF4400F9A5F0 /* Resources */ = {
			isa = PBXResourcesBuildPhase;
			buildActionMask = 2147483647;
			files = (
			);
			runOnlyForDeploymentPostprocessing = 0;
		};
/* End PBXResourcesBuildPhase section */

/* Begin PBXShellScriptBuildPhase section */
		3522EE7201ADE3CC39BC6479 /* [CP] Embed Pods Frameworks */ = {
			isa = PBXShellScriptBuildPhase;
			buildActionMask = 2147483647;
			files = (
			);
			inputFileListPaths = (
				"${PODS_ROOT}/Target Support Files/Pods-FlixApp/Pods-FlixApp-frameworks-${CONFIGURATION}-input-files.xcfilelist",
			);
			name = "[CP] Embed Pods Frameworks";
			outputFileListPaths = (
				"${PODS_ROOT}/Target Support Files/Pods-FlixApp/Pods-FlixApp-frameworks-${CONFIGURATION}-output-files.xcfilelist",
			);
			runOnlyForDeploymentPostprocessing = 0;
			shellPath = /bin/sh;
			shellScript = "\"${PODS_ROOT}/Target Support Files/Pods-FlixApp/Pods-FlixApp-frameworks.sh\"\n";
			showEnvVarsInLog = 0;
		};
		3AEFB742CEC8926FD7851902 /* [CP] Check Pods Manifest.lock */ = {
			isa = PBXShellScriptBuildPhase;
			buildActionMask = 2147483647;
			files = (
			);
			inputFileListPaths = (
			);
			inputPaths = (
				"${PODS_PODFILE_DIR_PATH}/Podfile.lock",
				"${PODS_ROOT}/Manifest.lock",
			);
			name = "[CP] Check Pods Manifest.lock";
			outputFileListPaths = (
			);
			outputPaths = (
				"$(DERIVED_FILE_DIR)/Pods-FlixAppTests-checkManifestLockResult.txt",
			);
			runOnlyForDeploymentPostprocessing = 0;
			shellPath = /bin/sh;
			shellScript = "diff \"${PODS_PODFILE_DIR_PATH}/Podfile.lock\" \"${PODS_ROOT}/Manifest.lock\" > /dev/null\nif [ $? != 0 ] ; then\n    # print error to STDERR\n    echo \"error: The sandbox is not in sync with the Podfile.lock. Run 'pod install' or update your CocoaPods installation.\" >&2\n    exit 1\nfi\n# This output is used by Xcode 'outputs' to avoid re-running this script phase.\necho \"SUCCESS\" > \"${SCRIPT_OUTPUT_FILE_0}\"\n";
			showEnvVarsInLog = 0;
		};
		4193EC27EAD7FE8DAB60E9A3 /* [CP] Embed Pods Frameworks */ = {
			isa = PBXShellScriptBuildPhase;
			buildActionMask = 2147483647;
			files = (
			);
			inputFileListPaths = (
				"${PODS_ROOT}/Target Support Files/Pods-FlixApp-FlixAppUITests/Pods-FlixApp-FlixAppUITests-frameworks-${CONFIGURATION}-input-files.xcfilelist",
			);
			name = "[CP] Embed Pods Frameworks";
			outputFileListPaths = (
				"${PODS_ROOT}/Target Support Files/Pods-FlixApp-FlixAppUITests/Pods-FlixApp-FlixAppUITests-frameworks-${CONFIGURATION}-output-files.xcfilelist",
			);
			runOnlyForDeploymentPostprocessing = 0;
			shellPath = /bin/sh;
			shellScript = "\"${PODS_ROOT}/Target Support Files/Pods-FlixApp-FlixAppUITests/Pods-FlixApp-FlixAppUITests-frameworks.sh\"\n";
			showEnvVarsInLog = 0;
		};
		DEB121E630D5275B51B9E052 /* [CP] Check Pods Manifest.lock */ = {
			isa = PBXShellScriptBuildPhase;
			buildActionMask = 2147483647;
			files = (
			);
			inputFileListPaths = (
			);
			inputPaths = (
				"${PODS_PODFILE_DIR_PATH}/Podfile.lock",
				"${PODS_ROOT}/Manifest.lock",
			);
			name = "[CP] Check Pods Manifest.lock";
			outputFileListPaths = (
			);
			outputPaths = (
				"$(DERIVED_FILE_DIR)/Pods-FlixApp-checkManifestLockResult.txt",
			);
			runOnlyForDeploymentPostprocessing = 0;
			shellPath = /bin/sh;
			shellScript = "diff \"${PODS_PODFILE_DIR_PATH}/Podfile.lock\" \"${PODS_ROOT}/Manifest.lock\" > /dev/null\nif [ $? != 0 ] ; then\n    # print error to STDERR\n    echo \"error: The sandbox is not in sync with the Podfile.lock. Run 'pod install' or update your CocoaPods installation.\" >&2\n    exit 1\nfi\n# This output is used by Xcode 'outputs' to avoid re-running this script phase.\necho \"SUCCESS\" > \"${SCRIPT_OUTPUT_FILE_0}\"\n";
			showEnvVarsInLog = 0;
		};
		F62EDF4520F7F0C92A7D7D49 /* [CP] Check Pods Manifest.lock */ = {
			isa = PBXShellScriptBuildPhase;
			buildActionMask = 2147483647;
			files = (
			);
			inputFileListPaths = (
			);
			inputPaths = (
				"${PODS_PODFILE_DIR_PATH}/Podfile.lock",
				"${PODS_ROOT}/Manifest.lock",
			);
			name = "[CP] Check Pods Manifest.lock";
			outputFileListPaths = (
			);
			outputPaths = (
				"$(DERIVED_FILE_DIR)/Pods-FlixApp-FlixAppUITests-checkManifestLockResult.txt",
			);
			runOnlyForDeploymentPostprocessing = 0;
			shellPath = /bin/sh;
			shellScript = "diff \"${PODS_PODFILE_DIR_PATH}/Podfile.lock\" \"${PODS_ROOT}/Manifest.lock\" > /dev/null\nif [ $? != 0 ] ; then\n    # print error to STDERR\n    echo \"error: The sandbox is not in sync with the Podfile.lock. Run 'pod install' or update your CocoaPods installation.\" >&2\n    exit 1\nfi\n# This output is used by Xcode 'outputs' to avoid re-running this script phase.\necho \"SUCCESS\" > \"${SCRIPT_OUTPUT_FILE_0}\"\n";
			showEnvVarsInLog = 0;
		};
/* End PBXShellScriptBuildPhase section */

/* Begin PBXSourcesBuildPhase section */
		2539F7AF27C8BF4100F9A5F0 /* Sources */ = {
			isa = PBXSourcesBuildPhase;
			buildActionMask = 2147483647;
			files = (
				2539F7BB27C8BF4100F9A5F0 /* ViewController.swift in Sources */,
				2539F7B727C8BF4100F9A5F0 /* AppDelegate.swift in Sources */,
				253F83AD27C9F7160078A4BA /* MovieCell.swift in Sources */,
				2539F7B927C8BF4100F9A5F0 /* SceneDelegate.swift in Sources */,
			);
			runOnlyForDeploymentPostprocessing = 0;
		};
		2539F7C527C8BF4400F9A5F0 /* Sources */ = {
			isa = PBXSourcesBuildPhase;
			buildActionMask = 2147483647;
			files = (
				2539F7CE27C8BF4400F9A5F0 /* FlixAppTests.swift in Sources */,
			);
			runOnlyForDeploymentPostprocessing = 0;
		};
		2539F7CF27C8BF4400F9A5F0 /* Sources */ = {
			isa = PBXSourcesBuildPhase;
			buildActionMask = 2147483647;
			files = (
				2539F7D827C8BF4400F9A5F0 /* FlixAppUITests.swift in Sources */,
				2539F7DA27C8BF4400F9A5F0 /* FlixAppUITestsLaunchTests.swift in Sources */,
			);
			runOnlyForDeploymentPostprocessing = 0;
		};
/* End PBXSourcesBuildPhase section */

/* Begin PBXTargetDependency section */
		2539F7CB27C8BF4400F9A5F0 /* PBXTargetDependency */ = {
			isa = PBXTargetDependency;
			target = 2539F7B227C8BF4100F9A5F0 /* FlixApp */;
			targetProxy = 2539F7CA27C8BF4400F9A5F0 /* PBXContainerItemProxy */;
		};
		2539F7D527C8BF4400F9A5F0 /* PBXTargetDependency */ = {
			isa = PBXTargetDependency;
			target = 2539F7B227C8BF4100F9A5F0 /* FlixApp */;
			targetProxy = 2539F7D427C8BF4400F9A5F0 /* PBXContainerItemProxy */;
		};
/* End PBXTargetDependency section */

/* Begin PBXVariantGroup section */
		2539F7BC27C8BF4100F9A5F0 /* Main.storyboard */ = {
			isa = PBXVariantGroup;
			children = (
				2539F7BD27C8BF4100F9A5F0 /* Base */,
			);
			name = Main.storyboard;
			sourceTree = "<group>";
		};
		2539F7C127C8BF4400F9A5F0 /* LaunchScreen.storyboard */ = {
			isa = PBXVariantGroup;
			children = (
				2539F7C227C8BF4400F9A5F0 /* Base */,
			);
			name = LaunchScreen.storyboard;
			sourceTree = "<group>";
		};
/* End PBXVariantGroup section */

/* Begin XCBuildConfiguration section */
		2539F7DB27C8BF4400F9A5F0 /* Debug */ = {
			isa = XCBuildConfiguration;
			buildSettings = {
				ALWAYS_SEARCH_USER_PATHS = NO;
				CLANG_ANALYZER_NONNULL = YES;
				CLANG_ANALYZER_NUMBER_OBJECT_CONVERSION = YES_AGGRESSIVE;
				CLANG_CXX_LANGUAGE_STANDARD = "gnu++17";
				CLANG_CXX_LIBRARY = "libc++";
				CLANG_ENABLE_MODULES = YES;
				CLANG_ENABLE_OBJC_ARC = YES;
				CLANG_ENABLE_OBJC_WEAK = YES;
				CLANG_WARN_BLOCK_CAPTURE_AUTORELEASING = YES;
				CLANG_WARN_BOOL_CONVERSION = YES;
				CLANG_WARN_COMMA = YES;
				CLANG_WARN_CONSTANT_CONVERSION = YES;
				CLANG_WARN_DEPRECATED_OBJC_IMPLEMENTATIONS = YES;
				CLANG_WARN_DIRECT_OBJC_ISA_USAGE = YES_ERROR;
				CLANG_WARN_DOCUMENTATION_COMMENTS = YES;
				CLANG_WARN_EMPTY_BODY = YES;
				CLANG_WARN_ENUM_CONVERSION = YES;
				CLANG_WARN_INFINITE_RECURSION = YES;
				CLANG_WARN_INT_CONVERSION = YES;
				CLANG_WARN_NON_LITERAL_NULL_CONVERSION = YES;
				CLANG_WARN_OBJC_IMPLICIT_RETAIN_SELF = YES;
				CLANG_WARN_OBJC_LITERAL_CONVERSION = YES;
				CLANG_WARN_OBJC_ROOT_CLASS = YES_ERROR;
				CLANG_WARN_QUOTED_INCLUDE_IN_FRAMEWORK_HEADER = YES;
				CLANG_WARN_RANGE_LOOP_ANALYSIS = YES;
				CLANG_WARN_STRICT_PROTOTYPES = YES;
				CLANG_WARN_SUSPICIOUS_MOVE = YES;
				CLANG_WARN_UNGUARDED_AVAILABILITY = YES_AGGRESSIVE;
				CLANG_WARN_UNREACHABLE_CODE = YES;
				CLANG_WARN__DUPLICATE_METHOD_MATCH = YES;
				COPY_PHASE_STRIP = NO;
				DEBUG_INFORMATION_FORMAT = dwarf;
				ENABLE_STRICT_OBJC_MSGSEND = YES;
				ENABLE_TESTABILITY = YES;
				GCC_C_LANGUAGE_STANDARD = gnu11;
				GCC_DYNAMIC_NO_PIC = NO;
				GCC_NO_COMMON_BLOCKS = YES;
				GCC_OPTIMIZATION_LEVEL = 0;
				GCC_PREPROCESSOR_DEFINITIONS = (
					"DEBUG=1",
					"$(inherited)",
				);
				GCC_WARN_64_TO_32_BIT_CONVERSION = YES;
				GCC_WARN_ABOUT_RETURN_TYPE = YES_ERROR;
				GCC_WARN_UNDECLARED_SELECTOR = YES;
				GCC_WARN_UNINITIALIZED_AUTOS = YES_AGGRESSIVE;
				GCC_WARN_UNUSED_FUNCTION = YES;
				GCC_WARN_UNUSED_VARIABLE = YES;
				IPHONEOS_DEPLOYMENT_TARGET = 15.2;
				MTL_ENABLE_DEBUG_INFO = INCLUDE_SOURCE;
				MTL_FAST_MATH = YES;
				ONLY_ACTIVE_ARCH = YES;
				SDKROOT = iphoneos;
				SWIFT_ACTIVE_COMPILATION_CONDITIONS = DEBUG;
				SWIFT_OPTIMIZATION_LEVEL = "-Onone";
			};
			name = Debug;
		};
		2539F7DC27C8BF4400F9A5F0 /* Release */ = {
			isa = XCBuildConfiguration;
			buildSettings = {
				ALWAYS_SEARCH_USER_PATHS = NO;
				CLANG_ANALYZER_NONNULL = YES;
				CLANG_ANALYZER_NUMBER_OBJECT_CONVERSION = YES_AGGRESSIVE;
				CLANG_CXX_LANGUAGE_STANDARD = "gnu++17";
				CLANG_CXX_LIBRARY = "libc++";
				CLANG_ENABLE_MODULES = YES;
				CLANG_ENABLE_OBJC_ARC = YES;
				CLANG_ENABLE_OBJC_WEAK = YES;
				CLANG_WARN_BLOCK_CAPTURE_AUTORELEASING = YES;
				CLANG_WARN_BOOL_CONVERSION = YES;
				CLANG_WARN_COMMA = YES;
				CLANG_WARN_CONSTANT_CONVERSION = YES;
				CLANG_WARN_DEPRECATED_OBJC_IMPLEMENTATIONS = YES;
				CLANG_WARN_DIRECT_OBJC_ISA_USAGE = YES_ERROR;
				CLANG_WARN_DOCUMENTATION_COMMENTS = YES;
				CLANG_WARN_EMPTY_BODY = YES;
				CLANG_WARN_ENUM_CONVERSION = YES;
				CLANG_WARN_INFINITE_RECURSION = YES;
				CLANG_WARN_INT_CONVERSION = YES;
				CLANG_WARN_NON_LITERAL_NULL_CONVERSION = YES;
				CLANG_WARN_OBJC_IMPLICIT_RETAIN_SELF = YES;
				CLANG_WARN_OBJC_LITERAL_CONVERSION = YES;
				CLANG_WARN_OBJC_ROOT_CLASS = YES_ERROR;
				CLANG_WARN_QUOTED_INCLUDE_IN_FRAMEWORK_HEADER = YES;
				CLANG_WARN_RANGE_LOOP_ANALYSIS = YES;
				CLANG_WARN_STRICT_PROTOTYPES = YES;
				CLANG_WARN_SUSPICIOUS_MOVE = YES;
				CLANG_WARN_UNGUARDED_AVAILABILITY = YES_AGGRESSIVE;
				CLANG_WARN_UNREACHABLE_CODE = YES;
				CLANG_WARN__DUPLICATE_METHOD_MATCH = YES;
				COPY_PHASE_STRIP = NO;
				DEBUG_INFORMATION_FORMAT = "dwarf-with-dsym";
				ENABLE_NS_ASSERTIONS = NO;
				ENABLE_STRICT_OBJC_MSGSEND = YES;
				GCC_C_LANGUAGE_STANDARD = gnu11;
				GCC_NO_COMMON_BLOCKS = YES;
				GCC_WARN_64_TO_32_BIT_CONVERSION = YES;
				GCC_WARN_ABOUT_RETURN_TYPE = YES_ERROR;
				GCC_WARN_UNDECLARED_SELECTOR = YES;
				GCC_WARN_UNINITIALIZED_AUTOS = YES_AGGRESSIVE;
				GCC_WARN_UNUSED_FUNCTION = YES;
				GCC_WARN_UNUSED_VARIABLE = YES;
				IPHONEOS_DEPLOYMENT_TARGET = 15.2;
				MTL_ENABLE_DEBUG_INFO = NO;
				MTL_FAST_MATH = YES;
				SDKROOT = iphoneos;
				SWIFT_COMPILATION_MODE = wholemodule;
				SWIFT_OPTIMIZATION_LEVEL = "-O";
				VALIDATE_PRODUCT = YES;
			};
			name = Release;
		};
		2539F7DE27C8BF4400F9A5F0 /* Debug */ = {
			isa = XCBuildConfiguration;
			baseConfigurationReference = F60A37A78091AFFA38A657BA /* Pods-FlixApp.debug.xcconfig */;
			buildSettings = {
				ASSETCATALOG_COMPILER_APPICON_NAME = AppIcon;
				ASSETCATALOG_COMPILER_GLOBAL_ACCENT_COLOR_NAME = AccentColor;
				CODE_SIGN_STYLE = Automatic;
				CURRENT_PROJECT_VERSION = 1;
				DEVELOPMENT_TEAM = 8X875S82AU;
				GENERATE_INFOPLIST_FILE = YES;
				INFOPLIST_FILE = FlixApp/Info.plist;
				INFOPLIST_KEY_UIApplicationSupportsIndirectInputEvents = YES;
				INFOPLIST_KEY_UILaunchStoryboardName = LaunchScreen;
				INFOPLIST_KEY_UIMainStoryboardFile = Main;
				INFOPLIST_KEY_UISupportedInterfaceOrientations_iPad = "UIInterfaceOrientationPortrait UIInterfaceOrientationPortraitUpsideDown UIInterfaceOrientationLandscapeLeft UIInterfaceOrientationLandscapeRight";
				INFOPLIST_KEY_UISupportedInterfaceOrientations_iPhone = "UIInterfaceOrientationPortrait UIInterfaceOrientationLandscapeLeft UIInterfaceOrientationLandscapeRight";
				LD_RUNPATH_SEARCH_PATHS = (
					"$(inherited)",
					"@executable_path/Frameworks",
				);
				MARKETING_VERSION = 1.0;
				PRODUCT_BUNDLE_IDENTIFIER = codepath.com.FlixApp;
				PRODUCT_NAME = "$(TARGET_NAME)";
				SWIFT_EMIT_LOC_STRINGS = YES;
				SWIFT_VERSION = 5.0;
				TARGETED_DEVICE_FAMILY = "1,2";
			};
			name = Debug;
		};
		2539F7DF27C8BF4400F9A5F0 /* Release */ = {
			isa = XCBuildConfiguration;
			baseConfigurationReference = 57516360C760743F319A2FC3 /* Pods-FlixApp.release.xcconfig */;
			buildSettings = {
				ASSETCATALOG_COMPILER_APPICON_NAME = AppIcon;
				ASSETCATALOG_COMPILER_GLOBAL_ACCENT_COLOR_NAME = AccentColor;
				CODE_SIGN_STYLE = Automatic;
				CURRENT_PROJECT_VERSION = 1;
				DEVELOPMENT_TEAM = 8X875S82AU;
				GENERATE_INFOPLIST_FILE = YES;
				INFOPLIST_FILE = FlixApp/Info.plist;
				INFOPLIST_KEY_UIApplicationSupportsIndirectInputEvents = YES;
				INFOPLIST_KEY_UILaunchStoryboardName = LaunchScreen;
				INFOPLIST_KEY_UIMainStoryboardFile = Main;
				INFOPLIST_KEY_UISupportedInterfaceOrientations_iPad = "UIInterfaceOrientationPortrait UIInterfaceOrientationPortraitUpsideDown UIInterfaceOrientationLandscapeLeft UIInterfaceOrientationLandscapeRight";
				INFOPLIST_KEY_UISupportedInterfaceOrientations_iPhone = "UIInterfaceOrientationPortrait UIInterfaceOrientationLandscapeLeft UIInterfaceOrientationLandscapeRight";
				LD_RUNPATH_SEARCH_PATHS = (
					"$(inherited)",
					"@executable_path/Frameworks",
				);
				MARKETING_VERSION = 1.0;
				PRODUCT_BUNDLE_IDENTIFIER = codepath.com.FlixApp;
				PRODUCT_NAME = "$(TARGET_NAME)";
				SWIFT_EMIT_LOC_STRINGS = YES;
				SWIFT_VERSION = 5.0;
				TARGETED_DEVICE_FAMILY = "1,2";
			};
			name = Release;
		};
		2539F7E127C8BF4400F9A5F0 /* Debug */ = {
			isa = XCBuildConfiguration;
			baseConfigurationReference = F773550C6253F7C765794DFB /* Pods-FlixAppTests.debug.xcconfig */;
			buildSettings = {
				ALWAYS_EMBED_SWIFT_STANDARD_LIBRARIES = YES;
				BUNDLE_LOADER = "$(TEST_HOST)";
				CODE_SIGN_STYLE = Automatic;
				CURRENT_PROJECT_VERSION = 1;
				DEVELOPMENT_TEAM = 8X875S82AU;
				GENERATE_INFOPLIST_FILE = YES;
				IPHONEOS_DEPLOYMENT_TARGET = 15.2;
				MARKETING_VERSION = 1.0;
				PRODUCT_BUNDLE_IDENTIFIER = codepath.com.FlixAppTests;
				PRODUCT_NAME = "$(TARGET_NAME)";
				SWIFT_EMIT_LOC_STRINGS = NO;
				SWIFT_VERSION = 5.0;
				TARGETED_DEVICE_FAMILY = "1,2";
				TEST_HOST = "$(BUILT_PRODUCTS_DIR)/FlixApp.app/FlixApp";
			};
			name = Debug;
		};
		2539F7E227C8BF4400F9A5F0 /* Release */ = {
			isa = XCBuildConfiguration;
			baseConfigurationReference = 354BE13165717F0989F10C1E /* Pods-FlixAppTests.release.xcconfig */;
			buildSettings = {
				ALWAYS_EMBED_SWIFT_STANDARD_LIBRARIES = YES;
				BUNDLE_LOADER = "$(TEST_HOST)";
				CODE_SIGN_STYLE = Automatic;
				CURRENT_PROJECT_VERSION = 1;
				DEVELOPMENT_TEAM = 8X875S82AU;
				GENERATE_INFOPLIST_FILE = YES;
				IPHONEOS_DEPLOYMENT_TARGET = 15.2;
				MARKETING_VERSION = 1.0;
				PRODUCT_BUNDLE_IDENTIFIER = codepath.com.FlixAppTests;
				PRODUCT_NAME = "$(TARGET_NAME)";
				SWIFT_EMIT_LOC_STRINGS = NO;
				SWIFT_VERSION = 5.0;
				TARGETED_DEVICE_FAMILY = "1,2";
				TEST_HOST = "$(BUILT_PRODUCTS_DIR)/FlixApp.app/FlixApp";
			};
			name = Release;
		};
		2539F7E427C8BF4400F9A5F0 /* Debug */ = {
			isa = XCBuildConfiguration;
			baseConfigurationReference = 4A016A695C7F01864739ED60 /* Pods-FlixApp-FlixAppUITests.debug.xcconfig */;
			buildSettings = {
				ALWAYS_EMBED_SWIFT_STANDARD_LIBRARIES = YES;
				CODE_SIGN_STYLE = Automatic;
				CURRENT_PROJECT_VERSION = 1;
				DEVELOPMENT_TEAM = 8X875S82AU;
				GENERATE_INFOPLIST_FILE = YES;
				MARKETING_VERSION = 1.0;
				PRODUCT_BUNDLE_IDENTIFIER = codepath.com.FlixAppUITests;
				PRODUCT_NAME = "$(TARGET_NAME)";
				SWIFT_EMIT_LOC_STRINGS = NO;
				SWIFT_VERSION = 5.0;
				TARGETED_DEVICE_FAMILY = "1,2";
				TEST_TARGET_NAME = FlixApp;
			};
			name = Debug;
		};
		2539F7E527C8BF4400F9A5F0 /* Release */ = {
			isa = XCBuildConfiguration;
			baseConfigurationReference = 6A9A852FE2718E25B9DE6C4F /* Pods-FlixApp-FlixAppUITests.release.xcconfig */;
			buildSettings = {
				ALWAYS_EMBED_SWIFT_STANDARD_LIBRARIES = YES;
				CODE_SIGN_STYLE = Automatic;
				CURRENT_PROJECT_VERSION = 1;
				DEVELOPMENT_TEAM = 8X875S82AU;
				GENERATE_INFOPLIST_FILE = YES;
				MARKETING_VERSION = 1.0;
				PRODUCT_BUNDLE_IDENTIFIER = codepath.com.FlixAppUITests;
				PRODUCT_NAME = "$(TARGET_NAME)";
				SWIFT_EMIT_LOC_STRINGS = NO;
				SWIFT_VERSION = 5.0;
				TARGETED_DEVICE_FAMILY = "1,2";
				TEST_TARGET_NAME = FlixApp;
			};
			name = Release;
		};
/* End XCBuildConfiguration section */

/* Begin XCConfigurationList section */
		2539F7AE27C8BF4100F9A5F0 /* Build configuration list for PBXProject "FlixApp" */ = {
			isa = XCConfigurationList;
			buildConfigurations = (
				2539F7DB27C8BF4400F9A5F0 /* Debug */,
				2539F7DC27C8BF4400F9A5F0 /* Release */,
			);
			defaultConfigurationIsVisible = 0;
			defaultConfigurationName = Release;
		};
		2539F7DD27C8BF4400F9A5F0 /* Build configuration list for PBXNativeTarget "FlixApp" */ = {
			isa = XCConfigurationList;
			buildConfigurations = (
				2539F7DE27C8BF4400F9A5F0 /* Debug */,
				2539F7DF27C8BF4400F9A5F0 /* Release */,
			);
			defaultConfigurationIsVisible = 0;
			defaultConfigurationName = Release;
		};
		2539F7E027C8BF4400F9A5F0 /* Build configuration list for PBXNativeTarget "FlixAppTests" */ = {
			isa = XCConfigurationList;
			buildConfigurations = (
				2539F7E127C8BF4400F9A5F0 /* Debug */,
				2539F7E227C8BF4400F9A5F0 /* Release */,
			);
			defaultConfigurationIsVisible = 0;
			defaultConfigurationName = Release;
		};
		2539F7E327C8BF4400F9A5F0 /* Build configuration list for PBXNativeTarget "FlixAppUITests" */ = {
			isa = XCConfigurationList;
			buildConfigurations = (
				2539F7E427C8BF4400F9A5F0 /* Debug */,
				2539F7E527C8BF4400F9A5F0 /* Release */,
			);
			defaultConfigurationIsVisible = 0;
			defaultConfigurationName = Release;
		};
/* End XCConfigurationList section */

/* Begin XCRemoteSwiftPackageReference section */
		25DF68EB27CC122A00F4E852 /* XCRemoteSwiftPackageReference "AlamofireImage" */ = {
			isa = XCRemoteSwiftPackageReference;
			repositoryURL = "https://github.com/Alamofire/AlamofireImage";
			requirement = {
				kind = upToNextMajorVersion;
				minimumVersion = 4.0.0;
			};
		};
/* End XCRemoteSwiftPackageReference section */

/* Begin XCSwiftPackageProductDependency section */
		25DF68EC27CC122B00F4E852 /* AlamofireImage */ = {
			isa = XCSwiftPackageProductDependency;
			package = 25DF68EB27CC122A00F4E852 /* XCRemoteSwiftPackageReference "AlamofireImage" */;
			productName = AlamofireImage;
		};
/* End XCSwiftPackageProductDependency section */
	};
	rootObject = 2539F7AB27C8BF4100F9A5F0 /* Project object */;
}
